<Solution>
  <Folder Name="/Steam/">
    <Project Path="JT7SKU.Aspire.SteamIntegration/JT7SKU.Aspire.SteamIntegration.csproj" Id="5cbc8fd1-584a-4543-bb42-c663955ea38c" />
    <Project Path="JT7SKU.Steam/JT7SKU.Steam.Client/JT7SKU.Steam.Asiakas.csproj" Id="4ae6bd91-c196-445a-9821-d5497221184c" />
    <Project Path="JT7SKU.Steam/JT7SKU.Steam/JT7SKU.Steam.csproj" Id="3910cf7b-2f04-4a62-a5f4-42df39ad3683" />
    <Project Path="StreamKit/J77SKU.SteamConnector.csproj" Id="366f2dfa-6662-478f-a084-b086c78a996a" />
  </Folder>
  <Project Path="JT7SKU_Aspire_DuneAwakens_SelfHosted.AppHost/JT7SKU_Aspire_DuneAwakens_SelfHosted.AppHost.csproj" />
  <Project Path="JT7SKU_Aspire_DuneAwakens_SelfHosted.ServiceDefaults/JT7SKU_Aspire_DuneAwakens_SelfHosted.ServiceDefaults.csproj" />
</Solution>
